
Microsoft Visual Studio Solution File, Format Version 12.00
# Visual Studio Version 17
VisualStudioVersion = 17.3.32819.101
MinimumVisualStudioVersion = 10.0.40219.1
Project("{9A19103F-16F7-4668-BE54-9A1E7A4F7556}") = "MockingUnitTestsDemoApp.Impl", "MockingUnitTestsDemoApp.Impl\MockingUnitTestsDemoApp.Impl.csproj", "{FD85B6A6-A0A3-44D2-9AC1-F02075A64C97}"
EndProject
Project("{9A19103F-16F7-4668-BE54-9A1E7A4F7556}") = "MockingUnitTestsDemoApp.Api", "MockingUnitTestsDemoApp.Api\MockingUnitTestsDemoApp.Api.csproj", "{219A37F8-90F3-4A00-B935-38814E4C9B40}"
EndProject
Project("{FAE04EC0-301F-11D3-BF4B-00C04F79EFBC}") = "MockingUnitTestsDemoApp.Tests", "MockingUnitTestsDemoApp.Tests\MockingUnitTestsDemoApp.Tests.csproj", "{0D579571-D741-4AB2-BADC-E4F59FDAF5C5}"
EndProject
Global
	GlobalSection(SolutionConfigurationPlatforms) = preSolution
		Debug|Any CPU = Debug|Any CPU
		Release|Any CPU = Release|Any CPU
	EndGlobalSection
	GlobalSection(ProjectConfigurationPlatforms) = postSolution
		{FD85B6A6-A0A3-44D2-9AC1-F02075A64C97}.Debug|Any CPU.ActiveCfg = Debug|Any CPU
		{FD85B6A6-A0A3-44D2-9AC1-F02075A64C97}.Debug|Any CPU.Build.0 = Debug|Any CPU
		{FD85B6A6-A0A3-44D2-9AC1-F02075A64C97}.Release|Any CPU.ActiveCfg = Release|Any CPU
		{FD85B6A6-A0A3-44D2-9AC1-F02075A64C97}.Release|Any CPU.Build.0 = Release|Any CPU
		{219A37F8-90F3-4A00-B935-38814E4C9B40}.Debug|Any CPU.ActiveCfg = Debug|Any CPU
		{219A37F8-90F3-4A00-B935-38814E4C9B40}.Debug|Any CPU.Build.0 = Debug|Any CPU
		{219A37F8-90F3-4A00-B935-38814E4C9B40}.Release|Any CPU.ActiveCfg = Release|Any CPU
		{219A37F8-90F3-4A00-B935-38814E4C9B40}.Release|Any CPU.Build.0 = Release|Any CPU
		{0D579571-D741-4AB2-BADC-E4F59FDAF5C5}.Debug|Any CPU.ActiveCfg = Debug|Any CPU
		{0D579571-D741-4AB2-BADC-E4F59FDAF5C5}.Debug|Any CPU.Build.0 = Debug|Any CPU
		{0D579571-D741-4AB2-BADC-E4F59FDAF5C5}.Release|Any CPU.ActiveCfg = Release|Any CPU
		{0D579571-D741-4AB2-BADC-E4F59FDAF5C5}.Release|Any CPU.Build.0 = Release|Any CPU
	EndGlobalSection
	GlobalSection(SolutionProperties) = preSolution
		HideSolutionNode = FALSE
	EndGlobalSection
	GlobalSection(ExtensibilityGlobals) = postSolution
		SolutionGuid = {09278C6B-1D3D-4DBE-832E-5544F710E85C}
	EndGlobalSection
EndGlobal
